
Microsoft Visual Studio Solution File, Format Version 12.00
# Visual Studio Version 17
VisualStudioVersion = 17.0.31903.59
MinimumVisualStudioVersion = 10.0.40219.1
Project("{2150E333-8FDC-42A3-9474-1A3956D46DE8}") = "Exercises", "Exercises", "{72EF5EB1-B308-CD20-4E1B-89C2486FD9E1}"
EndProject
Project("{FAE04EC0-301F-11D3-BF4B-00C04F79EFBC}") = "Variables", "Exercises\Variables\Variables.csproj", "{173333E4-7645-4238-ADA8-6C4BF8537CDE}"
EndProject
Project("{FAE04EC0-301F-11D3-BF4B-00C04F79EFBC}") = "Loops", "Exercises\Loops\Loops.csproj", "{D2CDCBDB-6A38-475C-9B53-864ABB137509}"
EndProject
Project("{FAE04EC0-301F-11D3-BF4B-00C04F79EFBC}") = "Indexering", "Exercises\Indexering\Indexering.csproj", "{545359AC-327A-4FE1-8466-EAC75FB68737}"
EndProject
Project("{FAE04EC0-301F-11D3-BF4B-00C04F79EFBC}") = "Functions", "Exercises\Functions\Functions.csproj", "{6E3D6AC2-8386-4FA9-AE31-8A676A9BB0E5}"
EndProject
Project("{FAE04EC0-301F-11D3-BF4B-00C04F79EFBC}") = "Labb1", "Exercises\Labb1\Labb1.csproj", "{0393B39A-8555-45F7-B5FE-560ECEA3EE94}"
EndProject
Project("{2150E333-8FDC-42A3-9474-1A3956D46DE8}") = "Assignments", "Assignments", "{39D37D13-1A77-DB53-501B-8CF36D38B79E}"
EndProject
Project("{FAE04EC0-301F-11D3-BF4B-00C04F79EFBC}") = "Labb1", "Assignments\Labb1\Labb1.csproj", "{C01A0CD5-19AC-492D-87CD-A77A930FCD72}"
EndProject
Project("{FAE04EC0-301F-11D3-BF4B-00C04F79EFBC}") = "Classes", "Exercises\Classes\Classes.csproj", "{6558954C-1161-425D-8165-B8DFD6F8C45C}"
EndProject
Project("{FAE04EC0-301F-11D3-BF4B-00C04F79EFBC}") = "Properties", "Exercises\Properties\Properties.csproj", "{B9149824-5BF1-4601-9EDE-74A72B6499E9}"
EndProject
Project("{FAE04EC0-301F-11D3-BF4B-00C04F79EFBC}") = "Inheritance", "Exercises\Inheritance\Inheritance.csproj", "{3520AF1A-6A64-4E75-A2DB-50DA66C184A1}"
EndProject
Project("{FAE04EC0-301F-11D3-BF4B-00C04F79EFBC}") = "Labb2", "Assignments\Labb2\Labb2.csproj", "{2D4C15FE-78AE-4D46-8256-AB042A276E72}"
EndProject
Project("{2150E333-8FDC-42A3-9474-1A3956D46DE8}") = "Labb2", "Labb2", "{D57AF23E-E326-16CF-01FC-344995C87D43}"
EndProject
Project("{FAE04EC0-301F-11D3-BF4B-00C04F79EFBC}") = "Game", "Assignments\Labb2\Game\Game.csproj", "{18E44370-3337-45E6-8209-64FE62442996}"
EndProject
Project("{FAE04EC0-301F-11D3-BF4B-00C04F79EFBC}") = "Delegate", "Exercises\Delegate\Delegate.csproj", "{8EB3C7DE-F0C6-45D3-A47B-86CA3D228F11}"
EndProject
Global
	GlobalSection(SolutionConfigurationPlatforms) = preSolution
		Debug|Any CPU = Debug|Any CPU
		Debug|x64 = Debug|x64
		Debug|x86 = Debug|x86
		Release|Any CPU = Release|Any CPU
		Release|x64 = Release|x64
		Release|x86 = Release|x86
	EndGlobalSection
	GlobalSection(ProjectConfigurationPlatforms) = postSolution
		{173333E4-7645-4238-ADA8-6C4BF8537CDE}.Debug|Any CPU.ActiveCfg = Debug|Any CPU
		{173333E4-7645-4238-ADA8-6C4BF8537CDE}.Debug|Any CPU.Build.0 = Debug|Any CPU
		{173333E4-7645-4238-ADA8-6C4BF8537CDE}.Debug|x64.ActiveCfg = Debug|Any CPU
		{173333E4-7645-4238-ADA8-6C4BF8537CDE}.Debug|x64.Build.0 = Debug|Any CPU
		{173333E4-7645-4238-ADA8-6C4BF8537CDE}.Debug|x86.ActiveCfg = Debug|Any CPU
		{173333E4-7645-4238-ADA8-6C4BF8537CDE}.Debug|x86.Build.0 = Debug|Any CPU
		{173333E4-7645-4238-ADA8-6C4BF8537CDE}.Release|Any CPU.ActiveCfg = Release|Any CPU
		{173333E4-7645-4238-ADA8-6C4BF8537CDE}.Release|Any CPU.Build.0 = Release|Any CPU
		{173333E4-7645-4238-ADA8-6C4BF8537CDE}.Release|x64.ActiveCfg = Release|Any CPU
		{173333E4-7645-4238-ADA8-6C4BF8537CDE}.Release|x64.Build.0 = Release|Any CPU
		{173333E4-7645-4238-ADA8-6C4BF8537CDE}.Release|x86.ActiveCfg = Release|Any CPU
		{173333E4-7645-4238-ADA8-6C4BF8537CDE}.Release|x86.Build.0 = Release|Any CPU
		{D2CDCBDB-6A38-475C-9B53-864ABB137509}.Debug|Any CPU.ActiveCfg = Debug|Any CPU
		{D2CDCBDB-6A38-475C-9B53-864ABB137509}.Debug|Any CPU.Build.0 = Debug|Any CPU
		{D2CDCBDB-6A38-475C-9B53-864ABB137509}.Debug|x64.ActiveCfg = Debug|Any CPU
		{D2CDCBDB-6A38-475C-9B53-864ABB137509}.Debug|x64.Build.0 = Debug|Any CPU
		{D2CDCBDB-6A38-475C-9B53-864ABB137509}.Debug|x86.ActiveCfg = Debug|Any CPU
		{D2CDCBDB-6A38-475C-9B53-864ABB137509}.Debug|x86.Build.0 = Debug|Any CPU
		{D2CDCBDB-6A38-475C-9B53-864ABB137509}.Release|Any CPU.ActiveCfg = Release|Any CPU
		{D2CDCBDB-6A38-475C-9B53-864ABB137509}.Release|Any CPU.Build.0 = Release|Any CPU
		{D2CDCBDB-6A38-475C-9B53-864ABB137509}.Release|x64.ActiveCfg = Release|Any CPU
		{D2CDCBDB-6A38-475C-9B53-864ABB137509}.Release|x64.Build.0 = Release|Any CPU
		{D2CDCBDB-6A38-475C-9B53-864ABB137509}.Release|x86.ActiveCfg = Release|Any CPU
		{D2CDCBDB-6A38-475C-9B53-864ABB137509}.Release|x86.Build.0 = Release|Any CPU
		{545359AC-327A-4FE1-8466-EAC75FB68737}.Debug|Any CPU.ActiveCfg = Debug|Any CPU
		{545359AC-327A-4FE1-8466-EAC75FB68737}.Debug|Any CPU.Build.0 = Debug|Any CPU
		{545359AC-327A-4FE1-8466-EAC75FB68737}.Debug|x64.ActiveCfg = Debug|Any CPU
		{545359AC-327A-4FE1-8466-EAC75FB68737}.Debug|x64.Build.0 = Debug|Any CPU
		{545359AC-327A-4FE1-8466-EAC75FB68737}.Debug|x86.ActiveCfg = Debug|Any CPU
		{545359AC-327A-4FE1-8466-EAC75FB68737}.Debug|x86.Build.0 = Debug|Any CPU
		{545359AC-327A-4FE1-8466-EAC75FB68737}.Release|Any CPU.ActiveCfg = Release|Any CPU
		{545359AC-327A-4FE1-8466-EAC75FB68737}.Release|Any CPU.Build.0 = Release|Any CPU
		{545359AC-327A-4FE1-8466-EAC75FB68737}.Release|x64.ActiveCfg = Release|Any CPU
		{545359AC-327A-4FE1-8466-EAC75FB68737}.Release|x64.Build.0 = Release|Any CPU
		{545359AC-327A-4FE1-8466-EAC75FB68737}.Release|x86.ActiveCfg = Release|Any CPU
		{545359AC-327A-4FE1-8466-EAC75FB68737}.Release|x86.Build.0 = Release|Any CPU
		{6E3D6AC2-8386-4FA9-AE31-8A676A9BB0E5}.Debug|Any CPU.ActiveCfg = Debug|Any CPU
		{6E3D6AC2-8386-4FA9-AE31-8A676A9BB0E5}.Debug|Any CPU.Build.0 = Debug|Any CPU
		{6E3D6AC2-8386-4FA9-AE31-8A676A9BB0E5}.Debug|x64.ActiveCfg = Debug|Any CPU
		{6E3D6AC2-8386-4FA9-AE31-8A676A9BB0E5}.Debug|x64.Build.0 = Debug|Any CPU
		{6E3D6AC2-8386-4FA9-AE31-8A676A9BB0E5}.Debug|x86.ActiveCfg = Debug|Any CPU
		{6E3D6AC2-8386-4FA9-AE31-8A676A9BB0E5}.Debug|x86.Build.0 = Debug|Any CPU
		{6E3D6AC2-8386-4FA9-AE31-8A676A9BB0E5}.Release|Any CPU.ActiveCfg = Release|Any CPU
		{6E3D6AC2-8386-4FA9-AE31-8A676A9BB0E5}.Release|Any CPU.Build.0 = Release|Any CPU
		{6E3D6AC2-8386-4FA9-AE31-8A676A9BB0E5}.Release|x64.ActiveCfg = Release|Any CPU
		{6E3D6AC2-8386-4FA9-AE31-8A676A9BB0E5}.Release|x64.Build.0 = Release|Any CPU
		{6E3D6AC2-8386-4FA9-AE31-8A676A9BB0E5}.Release|x86.ActiveCfg = Release|Any CPU
		{6E3D6AC2-8386-4FA9-AE31-8A676A9BB0E5}.Release|x86.Build.0 = Release|Any CPU
		{41825B8D-61FD-4E54-97CA-C8059F564CDF}.Debug|Any CPU.ActiveCfg = Debug|Any CPU
		{41825B8D-61FD-4E54-97CA-C8059F564CDF}.Debug|Any CPU.Build.0 = Debug|Any CPU
		{41825B8D-61FD-4E54-97CA-C8059F564CDF}.Debug|x64.ActiveCfg = Debug|Any CPU
		{41825B8D-61FD-4E54-97CA-C8059F564CDF}.Debug|x64.Build.0 = Debug|Any CPU
		{41825B8D-61FD-4E54-97CA-C8059F564CDF}.Debug|x86.ActiveCfg = Debug|Any CPU
		{41825B8D-61FD-4E54-97CA-C8059F564CDF}.Debug|x86.Build.0 = Debug|Any CPU
		{41825B8D-61FD-4E54-97CA-C8059F564CDF}.Release|Any CPU.ActiveCfg = Release|Any CPU
		{41825B8D-61FD-4E54-97CA-C8059F564CDF}.Release|Any CPU.Build.0 = Release|Any CPU
		{41825B8D-61FD-4E54-97CA-C8059F564CDF}.Release|x64.ActiveCfg = Release|Any CPU
		{41825B8D-61FD-4E54-97CA-C8059F564CDF}.Release|x64.Build.0 = Release|Any CPU
		{41825B8D-61FD-4E54-97CA-C8059F564CDF}.Release|x86.ActiveCfg = Release|Any CPU
		{41825B8D-61FD-4E54-97CA-C8059F564CDF}.Release|x86.Build.0 = Release|Any CPU
		{0393B39A-8555-45F7-B5FE-560ECEA3EE94}.Debug|Any CPU.ActiveCfg = Debug|Any CPU
		{0393B39A-8555-45F7-B5FE-560ECEA3EE94}.Debug|Any CPU.Build.0 = Debug|Any CPU
		{0393B39A-8555-45F7-B5FE-560ECEA3EE94}.Debug|x64.ActiveCfg = Debug|Any CPU
		{0393B39A-8555-45F7-B5FE-560ECEA3EE94}.Debug|x64.Build.0 = Debug|Any CPU
		{0393B39A-8555-45F7-B5FE-560ECEA3EE94}.Debug|x86.ActiveCfg = Debug|Any CPU
		{0393B39A-8555-45F7-B5FE-560ECEA3EE94}.Debug|x86.Build.0 = Debug|Any CPU
		{0393B39A-8555-45F7-B5FE-560ECEA3EE94}.Release|Any CPU.ActiveCfg = Release|Any CPU
		{0393B39A-8555-45F7-B5FE-560ECEA3EE94}.Release|Any CPU.Build.0 = Release|Any CPU
		{0393B39A-8555-45F7-B5FE-560ECEA3EE94}.Release|x64.ActiveCfg = Release|Any CPU
		{0393B39A-8555-45F7-B5FE-560ECEA3EE94}.Release|x64.Build.0 = Release|Any CPU
		{0393B39A-8555-45F7-B5FE-560ECEA3EE94}.Release|x86.ActiveCfg = Release|Any CPU
		{0393B39A-8555-45F7-B5FE-560ECEA3EE94}.Release|x86.Build.0 = Release|Any CPU
		{C01A0CD5-19AC-492D-87CD-A77A930FCD72}.Debug|Any CPU.ActiveCfg = Debug|Any CPU
		{C01A0CD5-19AC-492D-87CD-A77A930FCD72}.Debug|Any CPU.Build.0 = Debug|Any CPU
		{C01A0CD5-19AC-492D-87CD-A77A930FCD72}.Debug|x64.ActiveCfg = Debug|Any CPU
		{C01A0CD5-19AC-492D-87CD-A77A930FCD72}.Debug|x64.Build.0 = Debug|Any CPU
		{C01A0CD5-19AC-492D-87CD-A77A930FCD72}.Debug|x86.ActiveCfg = Debug|Any CPU
		{C01A0CD5-19AC-492D-87CD-A77A930FCD72}.Debug|x86.Build.0 = Debug|Any CPU
		{C01A0CD5-19AC-492D-87CD-A77A930FCD72}.Release|Any CPU.ActiveCfg = Release|Any CPU
		{C01A0CD5-19AC-492D-87CD-A77A930FCD72}.Release|Any CPU.Build.0 = Release|Any CPU
		{C01A0CD5-19AC-492D-87CD-A77A930FCD72}.Release|x64.ActiveCfg = Release|Any CPU
		{C01A0CD5-19AC-492D-87CD-A77A930FCD72}.Release|x64.Build.0 = Release|Any CPU
		{C01A0CD5-19AC-492D-87CD-A77A930FCD72}.Release|x86.ActiveCfg = Release|Any CPU
		{C01A0CD5-19AC-492D-87CD-A77A930FCD72}.Release|x86.Build.0 = Release|Any CPU
		{6558954C-1161-425D-8165-B8DFD6F8C45C}.Debug|Any CPU.ActiveCfg = Debug|Any CPU
		{6558954C-1161-425D-8165-B8DFD6F8C45C}.Debug|Any CPU.Build.0 = Debug|Any CPU
		{6558954C-1161-425D-8165-B8DFD6F8C45C}.Debug|x64.ActiveCfg = Debug|Any CPU
		{6558954C-1161-425D-8165-B8DFD6F8C45C}.Debug|x64.Build.0 = Debug|Any CPU
		{6558954C-1161-425D-8165-B8DFD6F8C45C}.Debug|x86.ActiveCfg = Debug|Any CPU
		{6558954C-1161-425D-8165-B8DFD6F8C45C}.Debug|x86.Build.0 = Debug|Any CPU
		{6558954C-1161-425D-8165-B8DFD6F8C45C}.Release|Any CPU.ActiveCfg = Release|Any CPU
		{6558954C-1161-425D-8165-B8DFD6F8C45C}.Release|Any CPU.Build.0 = Release|Any CPU
		{6558954C-1161-425D-8165-B8DFD6F8C45C}.Release|x64.ActiveCfg = Release|Any CPU
		{6558954C-1161-425D-8165-B8DFD6F8C45C}.Release|x64.Build.0 = Release|Any CPU
		{6558954C-1161-425D-8165-B8DFD6F8C45C}.Release|x86.ActiveCfg = Release|Any CPU
		{6558954C-1161-425D-8165-B8DFD6F8C45C}.Release|x86.Build.0 = Release|Any CPU
		{B9149824-5BF1-4601-9EDE-74A72B6499E9}.Debug|Any CPU.ActiveCfg = Debug|Any CPU
		{B9149824-5BF1-4601-9EDE-74A72B6499E9}.Debug|Any CPU.Build.0 = Debug|Any CPU
		{B9149824-5BF1-4601-9EDE-74A72B6499E9}.Debug|x64.ActiveCfg = Debug|Any CPU
		{B9149824-5BF1-4601-9EDE-74A72B6499E9}.Debug|x64.Build.0 = Debug|Any CPU
		{B9149824-5BF1-4601-9EDE-74A72B6499E9}.Debug|x86.ActiveCfg = Debug|Any CPU
		{B9149824-5BF1-4601-9EDE-74A72B6499E9}.Debug|x86.Build.0 = Debug|Any CPU
		{B9149824-5BF1-4601-9EDE-74A72B6499E9}.Release|Any CPU.ActiveCfg = Release|Any CPU
		{B9149824-5BF1-4601-9EDE-74A72B6499E9}.Release|Any CPU.Build.0 = Release|Any CPU
		{B9149824-5BF1-4601-9EDE-74A72B6499E9}.Release|x64.ActiveCfg = Release|Any CPU
		{B9149824-5BF1-4601-9EDE-74A72B6499E9}.Release|x64.Build.0 = Release|Any CPU
		{B9149824-5BF1-4601-9EDE-74A72B6499E9}.Release|x86.ActiveCfg = Release|Any CPU
		{B9149824-5BF1-4601-9EDE-74A72B6499E9}.Release|x86.Build.0 = Release|Any CPU
		{3520AF1A-6A64-4E75-A2DB-50DA66C184A1}.Debug|Any CPU.ActiveCfg = Debug|Any CPU
		{3520AF1A-6A64-4E75-A2DB-50DA66C184A1}.Debug|Any CPU.Build.0 = Debug|Any CPU
		{3520AF1A-6A64-4E75-A2DB-50DA66C184A1}.Debug|x64.ActiveCfg = Debug|Any CPU
		{3520AF1A-6A64-4E75-A2DB-50DA66C184A1}.Debug|x64.Build.0 = Debug|Any CPU
		{3520AF1A-6A64-4E75-A2DB-50DA66C184A1}.Debug|x86.ActiveCfg = Debug|Any CPU
		{3520AF1A-6A64-4E75-A2DB-50DA66C184A1}.Debug|x86.Build.0 = Debug|Any CPU
		{3520AF1A-6A64-4E75-A2DB-50DA66C184A1}.Release|Any CPU.ActiveCfg = Release|Any CPU
		{3520AF1A-6A64-4E75-A2DB-50DA66C184A1}.Release|Any CPU.Build.0 = Release|Any CPU
		{3520AF1A-6A64-4E75-A2DB-50DA66C184A1}.Release|x64.ActiveCfg = Release|Any CPU
		{3520AF1A-6A64-4E75-A2DB-50DA66C184A1}.Release|x64.Build.0 = Release|Any CPU
		{3520AF1A-6A64-4E75-A2DB-50DA66C184A1}.Release|x86.ActiveCfg = Release|Any CPU
		{3520AF1A-6A64-4E75-A2DB-50DA66C184A1}.Release|x86.Build.0 = Release|Any CPU
		{2D4C15FE-78AE-4D46-8256-AB042A276E72}.Debug|Any CPU.ActiveCfg = Debug|Any CPU
		{2D4C15FE-78AE-4D46-8256-AB042A276E72}.Debug|Any CPU.Build.0 = Debug|Any CPU
		{2D4C15FE-78AE-4D46-8256-AB042A276E72}.Debug|x64.ActiveCfg = Debug|Any CPU
		{2D4C15FE-78AE-4D46-8256-AB042A276E72}.Debug|x64.Build.0 = Debug|Any CPU
		{2D4C15FE-78AE-4D46-8256-AB042A276E72}.Debug|x86.ActiveCfg = Debug|Any CPU
		{2D4C15FE-78AE-4D46-8256-AB042A276E72}.Debug|x86.Build.0 = Debug|Any CPU
		{2D4C15FE-78AE-4D46-8256-AB042A276E72}.Release|Any CPU.ActiveCfg = Release|Any CPU
		{2D4C15FE-78AE-4D46-8256-AB042A276E72}.Release|Any CPU.Build.0 = Release|Any CPU
		{2D4C15FE-78AE-4D46-8256-AB042A276E72}.Release|x64.ActiveCfg = Release|Any CPU
		{2D4C15FE-78AE-4D46-8256-AB042A276E72}.Release|x64.Build.0 = Release|Any CPU
		{2D4C15FE-78AE-4D46-8256-AB042A276E72}.Release|x86.ActiveCfg = Release|Any CPU
		{2D4C15FE-78AE-4D46-8256-AB042A276E72}.Release|x86.Build.0 = Release|Any CPU
		{18E44370-3337-45E6-8209-64FE62442996}.Debug|Any CPU.ActiveCfg = Debug|Any CPU
		{18E44370-3337-45E6-8209-64FE62442996}.Debug|Any CPU.Build.0 = Debug|Any CPU
		{18E44370-3337-45E6-8209-64FE62442996}.Debug|x64.ActiveCfg = Debug|Any CPU
		{18E44370-3337-45E6-8209-64FE62442996}.Debug|x64.Build.0 = Debug|Any CPU
		{18E44370-3337-45E6-8209-64FE62442996}.Debug|x86.ActiveCfg = Debug|Any CPU
		{18E44370-3337-45E6-8209-64FE62442996}.Debug|x86.Build.0 = Debug|Any CPU
		{18E44370-3337-45E6-8209-64FE62442996}.Release|Any CPU.ActiveCfg = Release|Any CPU
		{18E44370-3337-45E6-8209-64FE62442996}.Release|Any CPU.Build.0 = Release|Any CPU
		{18E44370-3337-45E6-8209-64FE62442996}.Release|x64.ActiveCfg = Release|Any CPU
		{18E44370-3337-45E6-8209-64FE62442996}.Release|x64.Build.0 = Release|Any CPU
		{18E44370-3337-45E6-8209-64FE62442996}.Release|x86.ActiveCfg = Release|Any CPU
		{18E44370-3337-45E6-8209-64FE62442996}.Release|x86.Build.0 = Release|Any CPU
		{8EB3C7DE-F0C6-45D3-A47B-86CA3D228F11}.Debug|Any CPU.ActiveCfg = Debug|Any CPU
		{8EB3C7DE-F0C6-45D3-A47B-86CA3D228F11}.Debug|Any CPU.Build.0 = Debug|Any CPU
		{8EB3C7DE-F0C6-45D3-A47B-86CA3D228F11}.Debug|x64.ActiveCfg = Debug|Any CPU
		{8EB3C7DE-F0C6-45D3-A47B-86CA3D228F11}.Debug|x64.Build.0 = Debug|Any CPU
		{8EB3C7DE-F0C6-45D3-A47B-86CA3D228F11}.Debug|x86.ActiveCfg = Debug|Any CPU
		{8EB3C7DE-F0C6-45D3-A47B-86CA3D228F11}.Debug|x86.Build.0 = Debug|Any CPU
		{8EB3C7DE-F0C6-45D3-A47B-86CA3D228F11}.Release|Any CPU.ActiveCfg = Release|Any CPU
		{8EB3C7DE-F0C6-45D3-A47B-86CA3D228F11}.Release|Any CPU.Build.0 = Release|Any CPU
		{8EB3C7DE-F0C6-45D3-A47B-86CA3D228F11}.Release|x64.ActiveCfg = Release|Any CPU
		{8EB3C7DE-F0C6-45D3-A47B-86CA3D228F11}.Release|x64.Build.0 = Release|Any CPU
		{8EB3C7DE-F0C6-45D3-A47B-86CA3D228F11}.Release|x86.ActiveCfg = Release|Any CPU
		{8EB3C7DE-F0C6-45D3-A47B-86CA3D228F11}.Release|x86.Build.0 = Release|Any CPU
	EndGlobalSection
	GlobalSection(SolutionProperties) = preSolution
		HideSolutionNode = FALSE
	EndGlobalSection
	GlobalSection(NestedProjects) = preSolution
		{173333E4-7645-4238-ADA8-6C4BF8537CDE} = {72EF5EB1-B308-CD20-4E1B-89C2486FD9E1}
		{D2CDCBDB-6A38-475C-9B53-864ABB137509} = {72EF5EB1-B308-CD20-4E1B-89C2486FD9E1}
		{545359AC-327A-4FE1-8466-EAC75FB68737} = {72EF5EB1-B308-CD20-4E1B-89C2486FD9E1}
		{6E3D6AC2-8386-4FA9-AE31-8A676A9BB0E5} = {72EF5EB1-B308-CD20-4E1B-89C2486FD9E1}
		{41825B8D-61FD-4E54-97CA-C8059F564CDF} = {72EF5EB1-B308-CD20-4E1B-89C2486FD9E1}
		{0393B39A-8555-45F7-B5FE-560ECEA3EE94} = {72EF5EB1-B308-CD20-4E1B-89C2486FD9E1}
		{C01A0CD5-19AC-492D-87CD-A77A930FCD72} = {39D37D13-1A77-DB53-501B-8CF36D38B79E}
		{2D4C15FE-78AE-4D46-8256-AB042A276E72} = {39D37D13-1A77-DB53-501B-8CF36D38B79E}
		{D57AF23E-E326-16CF-01FC-344995C87D43} = {39D37D13-1A77-DB53-501B-8CF36D38B79E}
		{18E44370-3337-45E6-8209-64FE62442996} = {D57AF23E-E326-16CF-01FC-344995C87D43}
		{8EB3C7DE-F0C6-45D3-A47B-86CA3D228F11} = {72EF5EB1-B308-CD20-4E1B-89C2486FD9E1}
	EndGlobalSection
EndGlobal
