
Microsoft Visual Studio Solution File, Format Version 12.00
# Visual Studio Version 17
VisualStudioVersion = 17.14.36616.10 d17.14
MinimumVisualStudioVersion = 10.0.40219.1
Project("{FAE04EC0-301F-11D3-BF4B-00C04F79EFBC}") = "XAML", "XAML.csproj", "{569946F0-F178-4EBE-AF29-96220400B434}"
EndProject
Global
	GlobalSection(SolutionConfigurationPlatforms) = preSolution
		Debug|Any CPU = Debug|Any CPU
		Release|Any CPU = Release|Any CPU
	EndGlobalSection
	GlobalSection(ProjectConfigurationPlatforms) = postSolution
		{569946F0-F178-4EBE-AF29-96220400B434}.Debug|Any CPU.ActiveCfg = Debug|Any CPU
		{569946F0-F178-4EBE-AF29-96220400B434}.Debug|Any CPU.Build.0 = Debug|Any CPU
		{569946F0-F178-4EBE-AF29-96220400B434}.Release|Any CPU.ActiveCfg = Release|Any CPU
		{569946F0-F178-4EBE-AF29-96220400B434}.Release|Any CPU.Build.0 = Release|Any CPU
	EndGlobalSection
	GlobalSection(SolutionProperties) = preSolution
		HideSolutionNode = FALSE
	EndGlobalSection
	GlobalSection(ExtensibilityGlobals) = postSolution
		SolutionGuid = {E6EF2CD5-E279-49F7-8098-D900CEF02DF9}
	EndGlobalSection
EndGlobal
